
Microsoft Visual Studio Solution File, Format Version 12.00
# Visual Studio Version 17
VisualStudioVersion = 17.5.33530.505
MinimumVisualStudioVersion = 10.0.40219.1
Project("{FAE04EC0-301F-11D3-BF4B-00C04F79EFBC}") = "ImageDisplayer", "ImageDisplayerVSExtension\ImageDisplayer.csproj", "{730AA0FA-8CC7-46B7-BB09-044844C1D41F}"
EndProject
Project("{2150E333-8FDC-42A3-9474-1A3956D46DE8}") = "Solution Items", "Solution Items", "{8709F53F-39CA-4729-BDE8-E7E5219DD6A2}"
	ProjectSection(SolutionItems) = preProject
		.gitignore = .gitignore
		README.md = README.md
	EndProjectSection
EndProject
Global
	GlobalSection(SolutionConfigurationPlatforms) = preSolution
		Debug|Any CPU = Debug|Any CPU
		Debug|arm64 = Debug|arm64
		Debug|x86 = Debug|x86
		Release|Any CPU = Release|Any CPU
		Release|arm64 = Release|arm64
		Release|x86 = Release|x86
	EndGlobalSection
	GlobalSection(ProjectConfigurationPlatforms) = postSolution
		{730AA0FA-8CC7-46B7-BB09-044844C1D41F}.Debug|Any CPU.ActiveCfg = Debug|Any CPU
		{730AA0FA-8CC7-46B7-BB09-044844C1D41F}.Debug|Any CPU.Build.0 = Debug|Any CPU
		{730AA0FA-8CC7-46B7-BB09-044844C1D41F}.Debug|arm64.ActiveCfg = Debug|arm64
		{730AA0FA-8CC7-46B7-BB09-044844C1D41F}.Debug|arm64.Build.0 = Debug|arm64
		{730AA0FA-8CC7-46B7-BB09-044844C1D41F}.Debug|x86.ActiveCfg = Debug|x86
		{730AA0FA-8CC7-46B7-BB09-044844C1D41F}.Debug|x86.Build.0 = Debug|x86
		{730AA0FA-8CC7-46B7-BB09-044844C1D41F}.Release|Any CPU.ActiveCfg = Release|Any CPU
		{730AA0FA-8CC7-46B7-BB09-044844C1D41F}.Release|Any CPU.Build.0 = Release|Any CPU
		{730AA0FA-8CC7-46B7-BB09-044844C1D41F}.Release|arm64.ActiveCfg = Release|arm64
		{730AA0FA-8CC7-46B7-BB09-044844C1D41F}.Release|arm64.Build.0 = Release|arm64
		{730AA0FA-8CC7-46B7-BB09-044844C1D41F}.Release|x86.ActiveCfg = Release|x86
		{730AA0FA-8CC7-46B7-BB09-044844C1D41F}.Release|x86.Build.0 = Release|x86
	EndGlobalSection
	GlobalSection(SolutionProperties) = preSolution
		HideSolutionNode = FALSE
	EndGlobalSection
	GlobalSection(ExtensibilityGlobals) = postSolution
		SolutionGuid = {0A7146A8-EB30-4761-9812-68BCD6E9DFDA}
	EndGlobalSection
EndGlobal
